
Microsoft Visual Studio Solution File, Format Version 12.00
# Visual Studio Version 17
VisualStudioVersion = 17.4.33213.308
MinimumVisualStudioVersion = 10.0.40219.1
Project("{FAE04EC0-301F-11D3-BF4B-00C04F79EFBC}") = "Testzadania", "Testzadania\Testzadania.csproj", "{4EB196E6-DD75-4C67-856A-7129E2AB9BA2}"
EndProject
Global
	GlobalSection(SolutionConfigurationPlatforms) = preSolution
		Debug|Any CPU = Debug|Any CPU
		Release|Any CPU = Release|Any CPU
	EndGlobalSection
	GlobalSection(ProjectConfigurationPlatforms) = postSolution
		{4EB196E6-DD75-4C67-856A-7129E2AB9BA2}.Debug|Any CPU.ActiveCfg = Debug|Any CPU
		{4EB196E6-DD75-4C67-856A-7129E2AB9BA2}.Debug|Any CPU.Build.0 = Debug|Any CPU
		{4EB196E6-DD75-4C67-856A-7129E2AB9BA2}.Release|Any CPU.ActiveCfg = Release|Any CPU
		{4EB196E6-DD75-4C67-856A-7129E2AB9BA2}.Release|Any CPU.Build.0 = Release|Any CPU
	EndGlobalSection
	GlobalSection(SolutionProperties) = preSolution
		HideSolutionNode = FALSE
	EndGlobalSection
	GlobalSection(ExtensibilityGlobals) = postSolution
		SolutionGuid = {1558C157-BF03-4379-B1A0-FFA572D84CEB}
	EndGlobalSection
EndGlobal
