
Microsoft Visual Studio Solution File, Format Version 12.00
# Visual Studio Version 17
VisualStudioVersion = 17.4.33213.308
MinimumVisualStudioVersion = 10.0.40219.1
Project("{FAE04EC0-301F-11D3-BF4B-00C04F79EFBC}") = "ChallengeUp", "ChallengeUp\ChallengeUp.csproj", "{36D24C77-E840-4E3E-A671-5D6AD86ABBA6}"
EndProject
Global
	GlobalSection(SolutionConfigurationPlatforms) = preSolution
		Debug|Any CPU = Debug|Any CPU
		Release|Any CPU = Release|Any CPU
	EndGlobalSection
	GlobalSection(ProjectConfigurationPlatforms) = postSolution
		{36D24C77-E840-4E3E-A671-5D6AD86ABBA6}.Debug|Any CPU.ActiveCfg = Debug|Any CPU
		{36D24C77-E840-4E3E-A671-5D6AD86ABBA6}.Debug|Any CPU.Build.0 = Debug|Any CPU
		{36D24C77-E840-4E3E-A671-5D6AD86ABBA6}.Release|Any CPU.ActiveCfg = Release|Any CPU
		{36D24C77-E840-4E3E-A671-5D6AD86ABBA6}.Release|Any CPU.Build.0 = Release|Any CPU
	EndGlobalSection
	GlobalSection(SolutionProperties) = preSolution
		HideSolutionNode = FALSE
	EndGlobalSection
	GlobalSection(ExtensibilityGlobals) = postSolution
		SolutionGuid = {B41ECBE0-58F5-459E-B581-AC0F7989C736}
	EndGlobalSection
EndGlobal
